
Microsoft Visual Studio Solution File, Format Version 12.00
# Visual Studio Version 17
VisualStudioVersion = 17.14.36327.8
MinimumVisualStudioVersion = 10.0.40219.1
Project("{FAE04EC0-301F-11D3-BF4B-00C04F79EFBC}") = "Domain", "Domain\Domain.csproj", "{955D9C99-C8AE-4FC1-B757-7FE209732530}"
EndProject
Project("{FAE04EC0-301F-11D3-BF4B-00C04F79EFBC}") = "Infrastructure", "Infrastructure\Infrastructure.csproj", "{69231DBA-C2FC-447C-A9C1-248FAF610F71}"
EndProject
Project("{FAE04EC0-301F-11D3-BF4B-00C04F79EFBC}") = "Application", "Application\Application.csproj", "{7E24F8BA-166E-462A-8FF6-ED12369A71C6}"
EndProject
Global
	GlobalSection(SolutionConfigurationPlatforms) = preSolution
		Debug|Any CPU = Debug|Any CPU
		Release|Any CPU = Release|Any CPU
	EndGlobalSection
	GlobalSection(ProjectConfigurationPlatforms) = postSolution
		{955D9C99-C8AE-4FC1-B757-7FE209732530}.Debug|Any CPU.ActiveCfg = Debug|Any CPU
		{955D9C99-C8AE-4FC1-B757-7FE209732530}.Debug|Any CPU.Build.0 = Debug|Any CPU
		{955D9C99-C8AE-4FC1-B757-7FE209732530}.Release|Any CPU.ActiveCfg = Release|Any CPU
		{955D9C99-C8AE-4FC1-B757-7FE209732530}.Release|Any CPU.Build.0 = Release|Any CPU
		{69231DBA-C2FC-447C-A9C1-248FAF610F71}.Debug|Any CPU.ActiveCfg = Debug|Any CPU
		{69231DBA-C2FC-447C-A9C1-248FAF610F71}.Debug|Any CPU.Build.0 = Debug|Any CPU
		{69231DBA-C2FC-447C-A9C1-248FAF610F71}.Release|Any CPU.ActiveCfg = Release|Any CPU
		{69231DBA-C2FC-447C-A9C1-248FAF610F71}.Release|Any CPU.Build.0 = Release|Any CPU
		{7E24F8BA-166E-462A-8FF6-ED12369A71C6}.Debug|Any CPU.ActiveCfg = Debug|Any CPU
		{7E24F8BA-166E-462A-8FF6-ED12369A71C6}.Debug|Any CPU.Build.0 = Debug|Any CPU
		{7E24F8BA-166E-462A-8FF6-ED12369A71C6}.Release|Any CPU.ActiveCfg = Release|Any CPU
		{7E24F8BA-166E-462A-8FF6-ED12369A71C6}.Release|Any CPU.Build.0 = Release|Any CPU
	EndGlobalSection
	GlobalSection(SolutionProperties) = preSolution
		HideSolutionNode = FALSE
	EndGlobalSection
	GlobalSection(ExtensibilityGlobals) = postSolution
		SolutionGuid = {76F387C5-FAA8-494E-BB90-9FBF67BBF2CE}
	EndGlobalSection
EndGlobal
